
Microsoft Visual Studio Solution File, Format Version 12.00
# Visual Studio Version 16
VisualStudioVersion = 16.0.30804.86
MinimumVisualStudioVersion = 10.0.40219.1
Project("{8BC9CEB8-8B4A-11D0-8D11-00A0C91BC942}") = "c-sock-server", "c-sock-server\c-sock-server.vcxproj", "{954E5554-BBC9-40D2-BCFD-6B56B024D5CB}"
EndProject
Global
	GlobalSection(SolutionConfigurationPlatforms) = preSolution
		Debug|x64 = Debug|x64
		Debug|x86 = Debug|x86
		Release|x64 = Release|x64
		Release|x86 = Release|x86
	EndGlobalSection
	GlobalSection(ProjectConfigurationPlatforms) = postSolution
		{954E5554-BBC9-40D2-BCFD-6B56B024D5CB}.Debug|x64.ActiveCfg = Debug|x64
		{954E5554-BBC9-40D2-BCFD-6B56B024D5CB}.Debug|x64.Build.0 = Debug|x64
		{954E5554-BBC9-40D2-BCFD-6B56B024D5CB}.Debug|x86.ActiveCfg = Debug|Win32
		{954E5554-BBC9-40D2-BCFD-6B56B024D5CB}.Debug|x86.Build.0 = Debug|Win32
		{954E5554-BBC9-40D2-BCFD-6B56B024D5CB}.Release|x64.ActiveCfg = Release|x64
		{954E5554-BBC9-40D2-BCFD-6B56B024D5CB}.Release|x64.Build.0 = Release|x64
		{954E5554-BBC9-40D2-BCFD-6B56B024D5CB}.Release|x86.ActiveCfg = Release|Win32
		{954E5554-BBC9-40D2-BCFD-6B56B024D5CB}.Release|x86.Build.0 = Release|Win32
	EndGlobalSection
	GlobalSection(SolutionProperties) = preSolution
		HideSolutionNode = FALSE
	EndGlobalSection
	GlobalSection(ExtensibilityGlobals) = postSolution
		SolutionGuid = {0AD2C488-DA4B-492B-B34B-1D9F3DD35B72}
	EndGlobalSection
EndGlobal
